
Microsoft Visual Studio Solution File, Format Version 12.00
Project("{FAE04EC0-301F-11D3-BF4B-00C04F79EFBC}") = "MementoNagBot", "MementoNagBot\MementoNagBot.csproj", "{C3666614-3FAB-4147-86D7-C18653FD3AF9}"
EndProject
Project("{FAE04EC0-301F-11D3-BF4B-00C04F79EFBC}") = "MementoNagBot.Tests", "MementoNagBot.Tests\MementoNagBot.Tests.csproj", "{C37B942C-EA48-49AC-B509-EC8428E3701F}"
EndProject
Project("{FAE04EC0-301F-11D3-BF4B-00C04F79EFBC}") = "MementoNagBot.IntegrationTests", "MementoNagBot.IntegrationTests\MementoNagBot.IntegrationTests.csproj", "{34857ECA-B5F6-4AE3-BE37-C641C6598F62}"
EndProject
Global
	GlobalSection(SolutionConfigurationPlatforms) = preSolution
		Debug|Any CPU = Debug|Any CPU
		Release|Any CPU = Release|Any CPU
	EndGlobalSection
	GlobalSection(ProjectConfigurationPlatforms) = postSolution
		{C3666614-3FAB-4147-86D7-C18653FD3AF9}.Debug|Any CPU.ActiveCfg = Debug|Any CPU
		{C3666614-3FAB-4147-86D7-C18653FD3AF9}.Debug|Any CPU.Build.0 = Debug|Any CPU
		{C3666614-3FAB-4147-86D7-C18653FD3AF9}.Release|Any CPU.ActiveCfg = Release|Any CPU
		{C3666614-3FAB-4147-86D7-C18653FD3AF9}.Release|Any CPU.Build.0 = Release|Any CPU
		{C37B942C-EA48-49AC-B509-EC8428E3701F}.Debug|Any CPU.ActiveCfg = Debug|Any CPU
		{C37B942C-EA48-49AC-B509-EC8428E3701F}.Debug|Any CPU.Build.0 = Debug|Any CPU
		{C37B942C-EA48-49AC-B509-EC8428E3701F}.Release|Any CPU.ActiveCfg = Release|Any CPU
		{C37B942C-EA48-49AC-B509-EC8428E3701F}.Release|Any CPU.Build.0 = Release|Any CPU
		{34857ECA-B5F6-4AE3-BE37-C641C6598F62}.Debug|Any CPU.ActiveCfg = Debug|Any CPU
		{34857ECA-B5F6-4AE3-BE37-C641C6598F62}.Debug|Any CPU.Build.0 = Debug|Any CPU
		{34857ECA-B5F6-4AE3-BE37-C641C6598F62}.Release|Any CPU.ActiveCfg = Release|Any CPU
		{34857ECA-B5F6-4AE3-BE37-C641C6598F62}.Release|Any CPU.Build.0 = Release|Any CPU
	EndGlobalSection
EndGlobal
